// !$*UTF8*$!
{
	archiveVersion = 1;
	classes = {
	};
	objectVersion = 46;
	objects = {

/* Begin PBXBuildFile section */
		569CC4831B2643AC0086C395 /* AppDelegate.swift in Sources */ = {isa = PBXBuildFile; fileRef = 569CC4821B2643AC0086C395 /* AppDelegate.swift */; };
		569CC4861B2643AC0086C395 /* Foods.xcdatamodeld in Sources */ = {isa = PBXBuildFile; fileRef = 569CC4841B2643AC0086C395 /* Foods.xcdatamodeld */; };
		569CC4881B2643AC0086C395 /* MasterViewController.swift in Sources */ = {isa = PBXBuildFile; fileRef = 569CC4871B2643AC0086C395 /* MasterViewController.swift */; };
		569CC48A1B2643AC0086C395 /* DetailViewController.swift in Sources */ = {isa = PBXBuildFile; fileRef = 569CC4891B2643AC0086C395 /* DetailViewController.swift */; };
		569CC48D1B2643AC0086C395 /* Main.storyboard in Resources */ = {isa = PBXBuildFile; fileRef = 569CC48B1B2643AC0086C395 /* Main.storyboard */; };
		569CC48F1B2643AC0086C395 /* Assets.xcassets in Resources */ = {isa = PBXBuildFile; fileRef = 569CC48E1B2643AC0086C395 /* Assets.xcassets */; };
		569CC4921B2643AC0086C395 /* LaunchScreen.storyboard in Resources */ = {isa = PBXBuildFile; fileRef = 569CC4901B2643AC0086C395 /* LaunchScreen.storyboard */; };
		569CC49D1B2643AD0086C395 /* FoodsTests.swift in Sources */ = {isa = PBXBuildFile; fileRef = 569CC49C1B2643AD0086C395 /* FoodsTests.swift */; };
		569CC4A81B2643AD0086C395 /* FoodsUITests.swift in Sources */ = {isa = PBXBuildFile; fileRef = 569CC4A71B2643AD0086C395 /* FoodsUITests.swift */; };
/* End PBXBuildFile section */

/* Begin PBXContainerItemProxy section */
		569CC4991B2643AD0086C395 /* PBXContainerItemProxy */ = {
			isa = PBXContainerItemProxy;
			containerPortal = 569CC4771B2643AC0086C395 /* Project object */;
			proxyType = 1;
			remoteGlobalIDString = 569CC47E1B2643AC0086C395;
			remoteInfo = Foods;
		};
		569CC4A41B2643AD0086C395 /* PBXContainerItemProxy */ = {
			isa = PBXContainerItemProxy;
			containerPortal = 569CC4771B2643AC0086C395 /* Project object */;
			proxyType = 1;
			remoteGlobalIDString = 569CC47E1B2643AC0086C395;
			remoteInfo = Foods;
		};
/* End PBXContainerItemProxy section */

/* Begin PBXFileReference section */
		569CC47F1B2643AC0086C395 /* Foods.app */ = {isa = PBXFileReference; explicitFileType = wrapper.application; includeInIndex = 0; path = Foods.app; sourceTree = BUILT_PRODUCTS_DIR; };
		569CC4821B2643AC0086C395 /* AppDelegate.swift */ = {isa = PBXFileReference; lastKnownFileType = sourcecode.swift; path = AppDelegate.swift; sourceTree = "<group>"; };
		569CC4851B2643AC0086C395 /* Foods.xcdatamodel */ = {isa = PBXFileReference; lastKnownFileType = wrapper.xcdatamodel; path = Foods.xcdatamodel; sourceTree = "<group>"; };
		569CC4871B2643AC0086C395 /* MasterViewController.swift */ = {isa = PBXFileReference; lastKnownFileType = sourcecode.swift; path = MasterViewController.swift; sourceTree = "<group>"; };
		569CC4891B2643AC0086C395 /* DetailViewController.swift */ = {isa = PBXFileReference; lastKnownFileType = sourcecode.swift; path = DetailViewController.swift; sourceTree = "<group>"; };
		569CC48C1B2643AC0086C395 /* Base */ = {isa = PBXFileReference; lastKnownFileType = file.storyboard; name = Base; path = Base.lproj/Main.storyboard; sourceTree = "<group>"; };
		569CC48E1B2643AC0086C395 /* Assets.xcassets */ = {isa = PBXFileReference; lastKnownFileType = folder.assetcatalog; path = Assets.xcassets; sourceTree = "<group>"; };
		569CC4911B2643AC0086C395 /* Base */ = {isa = PBXFileReference; lastKnownFileType = file.storyboard; name = Base; path = Base.lproj/LaunchScreen.storyboard; sourceTree = "<group>"; };
		569CC4931B2643AC0086C395 /* Info.plist */ = {isa = PBXFileReference; lastKnownFileType = text.plist.xml; path = Info.plist; sourceTree = "<group>"; };
		569CC4981B2643AD0086C395 /* FoodsTests.xctest */ = {isa = PBXFileReference; explicitFileType = wrapper.cfbundle; includeInIndex = 0; path = FoodsTests.xctest; sourceTree = BUILT_PRODUCTS_DIR; };
		569CC49C1B2643AD0086C395 /* FoodsTests.swift */ = {isa = PBXFileReference; lastKnownFileType = sourcecode.swift; path = FoodsTests.swift; sourceTree = "<group>"; };
		569CC49E1B2643AD0086C395 /* Info.plist */ = {isa = PBXFileReference; lastKnownFileType = text.plist.xml; path = Info.plist; sourceTree = "<group>"; };
		569CC4A31B2643AD0086C395 /* FoodsUITests.xctest */ = {isa = PBXFileReference; explicitFileType = wrapper.cfbundle; includeInIndex = 0; path = FoodsUITests.xctest; sourceTree = BUILT_PRODUCTS_DIR; };
		569CC4A71B2643AD0086C395 /* FoodsUITests.swift */ = {isa = PBXFileReference; lastKnownFileType = sourcecode.swift; path = FoodsUITests.swift; sourceTree = "<group>"; };
		569CC4A91B2643AD0086C395 /* Info.plist */ = {isa = PBXFileReference; lastKnownFileType = text.plist.xml; path = Info.plist; sourceTree = "<group>"; };
/* End PBXFileReference section */

/* Begin PBXFrameworksBuildPhase section */
		569CC47C1B2643AC0086C395 /* Frameworks */ = {
			isa = PBXFrameworksBuildPhase;
			buildActionMask = 2147483647;
			files = (
			);
			runOnlyForDeploymentPostprocessing = 0;
		};
		569CC4951B2643AD0086C395 /* Frameworks */ = {
			isa = PBXFrameworksBuildPhase;
			buildActionMask = 2147483647;
			files = (
			);
			runOnlyForDeploymentPostprocessing = 0;
		};
		569CC4A01B2643AD0086C395 /* Frameworks */ = {
			isa = PBXFrameworksBuildPhase;
			buildActionMask = 2147483647;
			files = (
			);
			runOnlyForDeploymentPostprocessing = 0;
		};
/* End PBXFrameworksBuildPhase section */

/* Begin PBXGroup section */
		569CC4761B2643AC0086C395 = {
			isa = PBXGroup;
			children = (
				569CC4811B2643AC0086C395 /* Foods */,
				569CC49B1B2643AD0086C395 /* FoodsTests */,
				569CC4A61B2643AD0086C395 /* FoodsUITests */,
				569CC4801B2643AC0086C395 /* Products */,
			);
			sourceTree = "<group>";
		};
		569CC4801B2643AC0086C395 /* Products */ = {
			isa = PBXGroup;
			children = (
				569CC47F1B2643AC0086C395 /* Foods.app */,
				569CC4981B2643AD0086C395 /* FoodsTests.xctest */,
				569CC4A31B2643AD0086C395 /* FoodsUITests.xctest */,
			);
			name = Products;
			sourceTree = "<group>";
		};
		569CC4811B2643AC0086C395 /* Foods */ = {
			isa = PBXGroup;
			children = (
				569CC4821B2643AC0086C395 /* AppDelegate.swift */,
				569CC4871B2643AC0086C395 /* MasterViewController.swift */,
				569CC4891B2643AC0086C395 /* DetailViewController.swift */,
				569CC48B1B2643AC0086C395 /* Main.storyboard */,
				569CC48E1B2643AC0086C395 /* Assets.xcassets */,
				569CC4901B2643AC0086C395 /* LaunchScreen.storyboard */,
				569CC4931B2643AC0086C395 /* Info.plist */,
				569CC4841B2643AC0086C395 /* Foods.xcdatamodeld */,
			);
			path = Foods;
			sourceTree = "<group>";
		};
		569CC49B1B2643AD0086C395 /* FoodsTests */ = {
			isa = PBXGroup;
			children = (
				569CC49C1B2643AD0086C395 /* FoodsTests.swift */,
				569CC49E1B2643AD0086C395 /* Info.plist */,
			);
			path = FoodsTests;
			sourceTree = "<group>";
		};
		569CC4A61B2643AD0086C395 /* FoodsUITests */ = {
			isa = PBXGroup;
			children = (
				569CC4A71B2643AD0086C395 /* FoodsUITests.swift */,
				569CC4A91B2643AD0086C395 /* Info.plist */,
			);
			path = FoodsUITests;
			sourceTree = "<group>";
		};
/* End PBXGroup section */

/* Begin PBXNativeTarget section */
		569CC47E1B2643AC0086C395 /* Foods */ = {
			isa = PBXNativeTarget;
			buildConfigurationList = 569CC4AC1B2643AD0086C395 /* Build configuration list for PBXNativeTarget "Foods" */;
			buildPhases = (
				569CC47B1B2643AC0086C395 /* Sources */,
				569CC47C1B2643AC0086C395 /* Frameworks */,
				569CC47D1B2643AC0086C395 /* Resources */,
			);
			buildRules = (
			);
			dependencies = (
			);
			name = Foods;
			productName = Foods;
			productReference = 569CC47F1B2643AC0086C395 /* Foods.app */;
			productType = "com.apple.product-type.application";
		};
		569CC4971B2643AD0086C395 /* FoodsTests */ = {
			isa = PBXNativeTarget;
			buildConfigurationList = 569CC4AF1B2643AD0086C395 /* Build configuration list for PBXNativeTarget "FoodsTests" */;
			buildPhases = (
				569CC4941B2643AD0086C395 /* Sources */,
				569CC4951B2643AD0086C395 /* Frameworks */,
				569CC4961B2643AD0086C395 /* Resources */,
			);
			buildRules = (
			);
			dependencies = (
				569CC49A1B2643AD0086C395 /* PBXTargetDependency */,
			);
			name = FoodsTests;
			productName = FoodsTests;
			productReference = 569CC4981B2643AD0086C395 /* FoodsTests.xctest */;
			productType = "com.apple.product-type.bundle.unit-test";
		};
		569CC4A21B2643AD0086C395 /* FoodsUITests */ = {
			isa = PBXNativeTarget;
			buildConfigurationList = 569CC4B21B2643AD0086C395 /* Build configuration list for PBXNativeTarget "FoodsUITests" */;
			buildPhases = (
				569CC49F1B2643AD0086C395 /* Sources */,
				569CC4A01B2643AD0086C395 /* Frameworks */,
				569CC4A11B2643AD0086C395 /* Resources */,
			);
			buildRules = (
			);
			dependencies = (
				569CC4A51B2643AD0086C395 /* PBXTargetDependency */,
			);
			name = FoodsUITests;
			productName = FoodsUITests;
			productReference = 569CC4A31B2643AD0086C395 /* FoodsUITests.xctest */;
			productType = "com.apple.product-type.bundle.ui-testing";
		};
/* End PBXNativeTarget section */

/* Begin PBXProject section */
		569CC4771B2643AC0086C395 /* Project object */ = {
			isa = PBXProject;
			attributes = {
				LastUpgradeCheck = 0700;
				ORGANIZATIONNAME = jonathanlong;
				TargetAttributes = {
					569CC47E1B2643AC0086C395 = {
						CreatedOnToolsVersion = 7.0;
					};
					569CC4971B2643AD0086C395 = {
						CreatedOnToolsVersion = 7.0;
						TestTargetID = 569CC47E1B2643AC0086C395;
					};
					569CC4A21B2643AD0086C395 = {
						CreatedOnToolsVersion = 7.0;
						TestTargetID = 569CC47E1B2643AC0086C395;
					};
				};
			};
			buildConfigurationList = 569CC47A1B2643AC0086C395 /* Build configuration list for PBXProject "Foods" */;
			compatibilityVersion = "Xcode 3.2";
			developmentRegion = English;
			hasScannedForEncodings = 0;
			knownRegions = (
				en,
				Base,
			);
			mainGroup = 569CC4761B2643AC0086C395;
			productRefGroup = 569CC4801B2643AC0086C395 /* Products */;
			projectDirPath = "";
			projectRoot = "";
			targets = (
				569CC47E1B2643AC0086C395 /* Foods */,
				569CC4971B2643AD0086C395 /* FoodsTests */,
				569CC4A21B2643AD0086C395 /* FoodsUITests */,
			);
		};
/* End PBXProject section */

/* Begin PBXResourcesBuildPhase section */
		569CC47D1B2643AC0086C395 /* Resources */ = {
			isa = PBXResourcesBuildPhase;
			buildActionMask = 2147483647;
			files = (
				569CC4921B2643AC0086C395 /* LaunchScreen.storyboard in Resources */,
				569CC48F1B2643AC0086C395 /* Assets.xcassets in Resources */,
				569CC48D1B2643AC0086C395 /* Main.storyboard in Resources */,
			);
			runOnlyForDeploymentPostprocessing = 0;
		};
		569CC4961B2643AD0086C395 /* Resources */ = {
			isa = PBXResourcesBuildPhase;
			buildActionMask = 2147483647;
			files = (
			);
			runOnlyForDeploymentPostprocessing = 0;
		};
		569CC4A11B2643AD0086C395 /* Resources */ = {
			isa = PBXResourcesBuildPhase;
			buildActionMask = 2147483647;
			files = (
			);
			runOnlyForDeploymentPostprocessing = 0;
		};
/* End PBXResourcesBuildPhase section */

/* Begin PBXSourcesBuildPhase section */
		569CC47B1B2643AC0086C395 /* Sources */ = {
			isa = PBXSourcesBuildPhase;
			buildActionMask = 2147483647;
			files = (
				569CC4831B2643AC0086C395 /* AppDelegate.swift in Sources */,
				569CC4861B2643AC0086C395 /* Foods.xcdatamodeld in Sources */,
				569CC4881B2643AC0086C395 /* MasterViewController.swift in Sources */,
				569CC48A1B2643AC0086C395 /* DetailViewController.swift in Sources */,
			);
			runOnlyForDeploymentPostprocessing = 0;
		};
		569CC4941B2643AD0086C395 /* Sources */ = {
			isa = PBXSourcesBuildPhase;
			buildActionMask = 2147483647;
			files = (
				569CC49D1B2643AD0086C395 /* FoodsTests.swift in Sources */,
			);
			runOnlyForDeploymentPostprocessing = 0;
		};
		569CC49F1B2643AD0086C395 /* Sources */ = {
			isa = PBXSourcesBuildPhase;
			buildActionMask = 2147483647;
			files = (
				569CC4A81B2643AD0086C395 /* FoodsUITests.swift in Sources */,
			);
			runOnlyForDeploymentPostprocessing = 0;
		};
/* End PBXSourcesBuildPhase section */

/* Begin PBXTargetDependency section */
		569CC49A1B2643AD0086C395 /* PBXTargetDependency */ = {
			isa = PBXTargetDependency;
			target = 569CC47E1B2643AC0086C395 /* Foods */;
			targetProxy = 569CC4991B2643AD0086C395 /* PBXContainerItemProxy */;
		};
		569CC4A51B2643AD0086C395 /* PBXTargetDependency */ = {
			isa = PBXTargetDependency;
			target = 569CC47E1B2643AC0086C395 /* Foods */;
			targetProxy = 569CC4A41B2643AD0086C395 /* PBXContainerItemProxy */;
		};
/* End PBXTargetDependency section */

/* Begin PBXVariantGroup section */
		569CC48B1B2643AC0086C395 /* Main.storyboard */ = {
			isa = PBXVariantGroup;
			children = (
				569CC48C1B2643AC0086C395 /* Base */,
			);
			name = Main.storyboard;
			sourceTree = "<group>";
		};
		569CC4901B2643AC0086C395 /* LaunchScreen.storyboard */ = {
			isa = PBXVariantGroup;
			children = (
				569CC4911B2643AC0086C395 /* Base */,
			);
			name = LaunchScreen.storyboard;
			sourceTree = "<group>";
		};
/* End PBXVariantGroup section */

/* Begin XCBuildConfiguration section */
		569CC4AA1B2643AD0086C395 /* Debug */ = {
			isa = XCBuildConfiguration;
			buildSettings = {
				ALWAYS_SEARCH_USER_PATHS = NO;
				CLANG_CXX_LANGUAGE_STANDARD = "gnu++0x";
				CLANG_CXX_LIBRARY = "libc++";
				CLANG_ENABLE_MODULES = YES;
				CLANG_ENABLE_OBJC_ARC = YES;
				CLANG_WARN_BOOL_CONVERSION = YES;
				CLANG_WARN_CONSTANT_CONVERSION = YES;
				CLANG_WARN_DIRECT_OBJC_ISA_USAGE = YES_ERROR;
				CLANG_WARN_EMPTY_BODY = YES;
				CLANG_WARN_ENUM_CONVERSION = YES;
				CLANG_WARN_INT_CONVERSION = YES;
				CLANG_WARN_OBJC_ROOT_CLASS = YES_ERROR;
				CLANG_WARN_UNREACHABLE_CODE = YES;
				CLANG_WARN__DUPLICATE_METHOD_MATCH = YES;
				"CODE_SIGN_IDENTITY[sdk=iphoneos*]" = "iPhone Developer";
				COPY_PHASE_STRIP = NO;
				DEBUG_INFORMATION_FORMAT = dwarf;
				ENABLE_STRICT_OBJC_MSGSEND = YES;
				ENABLE_TESTABILITY = YES;
				GCC_C_LANGUAGE_STANDARD = gnu99;
				GCC_DYNAMIC_NO_PIC = NO;
				GCC_NO_COMMON_BLOCKS = YES;
				GCC_OPTIMIZATION_LEVEL = 0;
				GCC_PREPROCESSOR_DEFINITIONS = (
					"DEBUG=1",
					"$(inherited)",
				);
				GCC_WARN_64_TO_32_BIT_CONVERSION = YES;
				GCC_WARN_ABOUT_RETURN_TYPE = YES_ERROR;
				GCC_WARN_UNDECLARED_SELECTOR = YES;
				GCC_WARN_UNINITIALIZED_AUTOS = YES_AGGRESSIVE;
				GCC_WARN_UNUSED_FUNCTION = YES;
				GCC_WARN_UNUSED_VARIABLE = YES;
				IPHONEOS_DEPLOYMENT_TARGET = 9.0;
				MTL_ENABLE_DEBUG_INFO = YES;
				ONLY_ACTIVE_ARCH = YES;
				SDKROOT = iphoneos;
				SWIFT_OPTIMIZATION_LEVEL = "-Onone";
				TARGETED_DEVICE_FAMILY = "1,2";
			};
			name = Debug;
		};
		569CC4AB1B2643AD0086C395 /* Release */ = {
			isa = XCBuildConfiguration;
			buildSettings = {
				ALWAYS_SEARCH_USER_PATHS = NO;
				CLANG_CXX_LANGUAGE_STANDARD = "gnu++0x";
				CLANG_CXX_LIBRARY = "libc++";
				CLANG_ENABLE_MODULES = YES;
				CLANG_ENABLE_OBJC_ARC = YES;
				CLANG_WARN_BOOL_CONVERSION = YES;
				CLANG_WARN_CONSTANT_CONVERSION = YES;
				CLANG_WARN_DIRECT_OBJC_ISA_USAGE = YES_ERROR;
				CLANG_WARN_EMPTY_BODY = YES;
				CLANG_WARN_ENUM_CONVERSION = YES;
				CLANG_WARN_INT_CONVERSION = YES;
				CLANG_WARN_OBJC_ROOT_CLASS = YES_ERROR;
				CLANG_WARN_UNREACHABLE_CODE = YES;
				CLANG_WARN__DUPLICATE_METHOD_MATCH = YES;
				"CODE_SIGN_IDENTITY[sdk=iphoneos*]" = "iPhone Developer";
				COPY_PHASE_STRIP = NO;
				DEBUG_INFORMATION_FORMAT = "dwarf-with-dsym";
				ENABLE_NS_ASSERTIONS = NO;
				ENABLE_STRICT_OBJC_MSGSEND = YES;
				GCC_C_LANGUAGE_STANDARD = gnu99;
				GCC_NO_COMMON_BLOCKS = YES;
				GCC_WARN_64_TO_32_BIT_CONVERSION = YES;
				GCC_WARN_ABOUT_RETURN_TYPE = YES_ERROR;
				GCC_WARN_UNDECLARED_SELECTOR = YES;
				GCC_WARN_UNINITIALIZED_AUTOS = YES_AGGRESSIVE;
				GCC_WARN_UNUSED_FUNCTION = YES;
				GCC_WARN_UNUSED_VARIABLE = YES;
				IPHONEOS_DEPLOYMENT_TARGET = 9.0;
				MTL_ENABLE_DEBUG_INFO = NO;
				SDKROOT = iphoneos;
				TARGETED_DEVICE_FAMILY = "1,2";
				VALIDATE_PRODUCT = YES;
			};
			name = Release;
		};
		569CC4AD1B2643AD0086C395 /* Debug */ = {
			isa = XCBuildConfiguration;
			buildSettings = {
				ASSETCATALOG_COMPILER_APPICON_NAME = AppIcon;
				INFOPLIST_FILE = Foods/Info.plist;
				LD_RUNPATH_SEARCH_PATHS = "$(inherited) @executable_path/Frameworks";
				PRODUCT_BUNDLE_IDENTIFIER = com.jonathan.long.Foods;
				PRODUCT_NAME = "$(TARGET_NAME)";
			};
			name = Debug;
		};
		569CC4AE1B2643AD0086C395 /* Release */ = {
			isa = XCBuildConfiguration;
			buildSettings = {
				ASSETCATALOG_COMPILER_APPICON_NAME = AppIcon;
				INFOPLIST_FILE = Foods/Info.plist;
				LD_RUNPATH_SEARCH_PATHS = "$(inherited) @executable_path/Frameworks";
				PRODUCT_BUNDLE_IDENTIFIER = com.jonathan.long.Foods;
				PRODUCT_NAME = "$(TARGET_NAME)";
			};
			name = Release;
		};
		569CC4B01B2643AD0086C395 /* Debug */ = {
			isa = XCBuildConfiguration;
			buildSettings = {
				BUNDLE_LOADER = "$(TEST_HOST)";
				INFOPLIST_FILE = FoodsTests/Info.plist;
				LD_RUNPATH_SEARCH_PATHS = "$(inherited) @executable_path/Frameworks @loader_path/Frameworks";
				PRODUCT_BUNDLE_IDENTIFIER = com.jonathan.long.FoodsTests;
				PRODUCT_NAME = "$(TARGET_NAME)";
				TEST_HOST = "$(BUILT_PRODUCTS_DIR)/Foods.app/Foods";
			};
			name = Debug;
		};
		569CC4B11B2643AD0086C395 /* Release */ = {
			isa = XCBuildConfiguration;
			buildSettings = {
				BUNDLE_LOADER = "$(TEST_HOST)";
				INFOPLIST_FILE = FoodsTests/Info.plist;
				LD_RUNPATH_SEARCH_PATHS = "$(inherited) @executable_path/Frameworks @loader_path/Frameworks";
				PRODUCT_BUNDLE_IDENTIFIER = com.jonathan.long.FoodsTests;
				PRODUCT_NAME = "$(TARGET_NAME)";
				TEST_HOST = "$(BUILT_PRODUCTS_DIR)/Foods.app/Foods";
			};
			name = Release;
		};
		569CC4B31B2643AD0086C395 /* Debug */ = {
			isa = XCBuildConfiguration;
			buildSettings = {
				INFOPLIST_FILE = FoodsUITests/Info.plist;
				LD_RUNPATH_SEARCH_PATHS = "$(inherited) @executable_path/Frameworks @loader_path/Frameworks";
				PRODUCT_BUNDLE_IDENTIFIER = com.jonathan.long.FoodsUITests;
				PRODUCT_NAME = "$(TARGET_NAME)";
				TEST_TARGET_NAME = Foods;
				USES_XCTRUNNER = YES;
			};
			name = Debug;
		};
		569CC4B41B2643AD0086C395 /* Release */ = {
			isa = XCBuildConfiguration;
			buildSettings = {
				INFOPLIST_FILE = FoodsUITests/Info.plist;
				LD_RUNPATH_SEARCH_PATHS = "$(inherited) @executable_path/Frameworks @loader_path/Frameworks";
				PRODUCT_BUNDLE_IDENTIFIER = com.jonathan.long.FoodsUITests;
				PRODUCT_NAME = "$(TARGET_NAME)";
				TEST_TARGET_NAME = Foods;
				USES_XCTRUNNER = YES;
			};
			name = Release;
		};
/* End XCBuildConfiguration section */

/* Begin XCConfigurationList section */
		569CC47A1B2643AC0086C395 /* Build configuration list for PBXProject "Foods" */ = {
			isa = XCConfigurationList;
			buildConfigurations = (
				569CC4AA1B2643AD0086C395 /* Debug */,
				569CC4AB1B2643AD0086C395 /* Release */,
			);
			defaultConfigurationIsVisible = 0;
			defaultConfigurationName = Release;
		};
		569CC4AC1B2643AD0086C395 /* Build configuration list for PBXNativeTarget "Foods" */ = {
			isa = XCConfigurationList;
			buildConfigurations = (
				569CC4AD1B2643AD0086C395 /* Debug */,
				569CC4AE1B2643AD0086C395 /* Release */,
			);
			defaultConfigurationIsVisible = 0;
		};
		569CC4AF1B2643AD0086C395 /* Build configuration list for PBXNativeTarget "FoodsTests" */ = {
			isa = XCConfigurationList;
			buildConfigurations = (
				569CC4B01B2643AD0086C395 /* Debug */,
				569CC4B11B2643AD0086C395 /* Release */,
			);
			defaultConfigurationIsVisible = 0;
		};
		569CC4B21B2643AD0086C395 /* Build configuration list for PBXNativeTarget "FoodsUITests" */ = {
			isa = XCConfigurationList;
			buildConfigurations = (
				569CC4B31B2643AD0086C395 /* Debug */,
				569CC4B41B2643AD0086C395 /* Release */,
			);
			defaultConfigurationIsVisible = 0;
		};
/* End XCConfigurationList section */

/* Begin XCVersionGroup section */
		569CC4841B2643AC0086C395 /* Foods.xcdatamodeld */ = {
			isa = XCVersionGroup;
			children = (
				569CC4851B2643AC0086C395 /* Foods.xcdatamodel */,
			);
			currentVersion = 569CC4851B2643AC0086C395 /* Foods.xcdatamodel */;
			path = Foods.xcdatamodeld;
			sourceTree = "<group>";
			versionGroupType = wrapper.xcdatamodel;
		};
/* End XCVersionGroup section */
	};
	rootObject = 569CC4771B2643AC0086C395 /* Project object */;
}
